
Microsoft Visual Studio Solution File, Format Version 12.00
# Visual Studio Version 17
VisualStudioVersion = 17.0.31808.319
MinimumVisualStudioVersion = 10.0.40219.1
Project("{FAE04EC0-301F-11D3-BF4B-00C04F79EFBC}") = "Staircase_HackerRank", "Staircase_HackerRank\Staircase_HackerRank.csproj", "{B1EC8718-D159-4ABB-9A97-F633E8D54C79}"
EndProject
Global
	GlobalSection(SolutionConfigurationPlatforms) = preSolution
		Debug|Any CPU = Debug|Any CPU
		Release|Any CPU = Release|Any CPU
	EndGlobalSection
	GlobalSection(ProjectConfigurationPlatforms) = postSolution
		{B1EC8718-D159-4ABB-9A97-F633E8D54C79}.Debug|Any CPU.ActiveCfg = Debug|Any CPU
		{B1EC8718-D159-4ABB-9A97-F633E8D54C79}.Debug|Any CPU.Build.0 = Debug|Any CPU
		{B1EC8718-D159-4ABB-9A97-F633E8D54C79}.Release|Any CPU.ActiveCfg = Release|Any CPU
		{B1EC8718-D159-4ABB-9A97-F633E8D54C79}.Release|Any CPU.Build.0 = Release|Any CPU
	EndGlobalSection
	GlobalSection(SolutionProperties) = preSolution
		HideSolutionNode = FALSE
	EndGlobalSection
	GlobalSection(ExtensibilityGlobals) = postSolution
		SolutionGuid = {1DE9B28F-DE82-43B5-B216-D7E1F0D4F006}
	EndGlobalSection
EndGlobal
